
Microsoft Visual Studio Solution File, Format Version 12.00
# Visual Studio Version 17
VisualStudioVersion = 17.6.33723.286
MinimumVisualStudioVersion = 10.0.40219.1
Project("{8BC9CEB8-8B4A-11D0-8D11-00A0C91BC942}") = "Lycoris", "Lycoris\Lycoris.vcxproj", "{C0106F65-F8AE-4289-A03A-163773B5871A}"
EndProject
Global
	GlobalSection(SolutionConfigurationPlatforms) = preSolution
		Debug|x64 = Debug|x64
		Release|x64 = Release|x64
	EndGlobalSection
	GlobalSection(ProjectConfigurationPlatforms) = postSolution
		{C0106F65-F8AE-4289-A03A-163773B5871A}.Debug|x64.ActiveCfg = Debug|x64
		{C0106F65-F8AE-4289-A03A-163773B5871A}.Debug|x64.Build.0 = Debug|x64
		{C0106F65-F8AE-4289-A03A-163773B5871A}.Release|x64.ActiveCfg = Release|x64
		{C0106F65-F8AE-4289-A03A-163773B5871A}.Release|x64.Build.0 = Release|x64
	EndGlobalSection
	GlobalSection(SolutionProperties) = preSolution
		HideSolutionNode = FALSE
	EndGlobalSection
	GlobalSection(ExtensibilityGlobals) = postSolution
		SolutionGuid = {38FA6389-F5E8-4FD7-A608-7BD0FF08D4C1}
	EndGlobalSection
EndGlobal
